
Microsoft Visual Studio Solution File, Format Version 12.00
# Visual Studio Version 17
VisualStudioVersion = 17.6.33723.286
MinimumVisualStudioVersion = 10.0.40219.1
Project("{FAE04EC0-301F-11D3-BF4B-00C04F79EFBC}") = "chess", "chess.csproj", "{58855753-15E6-4CAA-B7D2-7C5C185D0C05}"
EndProject
Global
	GlobalSection(SolutionConfigurationPlatforms) = preSolution
		Debug|Any CPU = Debug|Any CPU
		Release|Any CPU = Release|Any CPU
	EndGlobalSection
	GlobalSection(ProjectConfigurationPlatforms) = postSolution
		{58855753-15E6-4CAA-B7D2-7C5C185D0C05}.Debug|Any CPU.ActiveCfg = Debug|Any CPU
		{58855753-15E6-4CAA-B7D2-7C5C185D0C05}.Debug|Any CPU.Build.0 = Debug|Any CPU
		{58855753-15E6-4CAA-B7D2-7C5C185D0C05}.Release|Any CPU.ActiveCfg = Release|Any CPU
		{58855753-15E6-4CAA-B7D2-7C5C185D0C05}.Release|Any CPU.Build.0 = Release|Any CPU
	EndGlobalSection
	GlobalSection(SolutionProperties) = preSolution
		HideSolutionNode = FALSE
	EndGlobalSection
	GlobalSection(ExtensibilityGlobals) = postSolution
		SolutionGuid = {C30DEF90-4FFB-478F-A532-D8CE25804140}
	EndGlobalSection
EndGlobal
